
Microsoft Visual Studio Solution File, Format Version 12.00
# Visual Studio Version 17
VisualStudioVersion = 17.14.36603.0 d17.14
MinimumVisualStudioVersion = 10.0.40219.1
Project("{FAE04EC0-301F-11D3-BF4B-00C04F79EFBC}") = "GestionPeliculas.api", "GestionPeliculas.api\GestionPeliculas.api.csproj", "{6AF1B81B-C350-443B-A4F0-8E13C5EFD96A}"
EndProject
Global
	GlobalSection(SolutionConfigurationPlatforms) = preSolution
		Debug|Any CPU = Debug|Any CPU
		Release|Any CPU = Release|Any CPU
	EndGlobalSection
	GlobalSection(ProjectConfigurationPlatforms) = postSolution
		{6AF1B81B-C350-443B-A4F0-8E13C5EFD96A}.Debug|Any CPU.ActiveCfg = Debug|Any CPU
		{6AF1B81B-C350-443B-A4F0-8E13C5EFD96A}.Debug|Any CPU.Build.0 = Debug|Any CPU
		{6AF1B81B-C350-443B-A4F0-8E13C5EFD96A}.Release|Any CPU.ActiveCfg = Release|Any CPU
		{6AF1B81B-C350-443B-A4F0-8E13C5EFD96A}.Release|Any CPU.Build.0 = Release|Any CPU
	EndGlobalSection
	GlobalSection(SolutionProperties) = preSolution
		HideSolutionNode = FALSE
	EndGlobalSection
	GlobalSection(ExtensibilityGlobals) = postSolution
		SolutionGuid = {6099A080-352A-4DE2-8275-B7E17115D9EE}
	EndGlobalSection
EndGlobal
